
Microsoft Visual Studio Solution File, Format Version 12.00
# Visual Studio Version 16
VisualStudioVersion = 16.0.32228.343
MinimumVisualStudioVersion = 10.0.40219.1
Project("{FAE04EC0-301F-11D3-BF4B-00C04F79EFBC}") = "CoreCRUDWithOracle", "CoreCRUDWithOracle\CoreCRUDWithOracle.csproj", "{75A8D6E5-95F7-4FBD-8FFB-D6A85EBAFB84}"
EndProject
Global
	GlobalSection(SolutionConfigurationPlatforms) = preSolution
		Debug|Any CPU = Debug|Any CPU
		Release|Any CPU = Release|Any CPU
	EndGlobalSection
	GlobalSection(ProjectConfigurationPlatforms) = postSolution
		{75A8D6E5-95F7-4FBD-8FFB-D6A85EBAFB84}.Debug|Any CPU.ActiveCfg = Debug|Any CPU
		{75A8D6E5-95F7-4FBD-8FFB-D6A85EBAFB84}.Debug|Any CPU.Build.0 = Debug|Any CPU
		{75A8D6E5-95F7-4FBD-8FFB-D6A85EBAFB84}.Release|Any CPU.ActiveCfg = Release|Any CPU
		{75A8D6E5-95F7-4FBD-8FFB-D6A85EBAFB84}.Release|Any CPU.Build.0 = Release|Any CPU
	EndGlobalSection
	GlobalSection(SolutionProperties) = preSolution
		HideSolutionNode = FALSE
	EndGlobalSection
	GlobalSection(ExtensibilityGlobals) = postSolution
		SolutionGuid = {A26EBE52-95D2-4AE9-BB4D-C331F223DC40}
	EndGlobalSection
EndGlobal
